
Microsoft Visual Studio Solution File, Format Version 12.00
# Visual Studio Version 16
VisualStudioVersion = 16.0.30002.166
MinimumVisualStudioVersion = 10.0.40219.1
Project("{8BC9CEB8-8B4A-11D0-8D11-00A0C91BC942}") = "CPPRGBStreet", "CPPRGBStreet.vcxproj", "{25742640-F982-4B47-B557-E23C28D97887}"
EndProject
Global
	GlobalSection(SolutionConfigurationPlatforms) = preSolution
		Debug|x64 = Debug|x64
		Debug|x86 = Debug|x86
		Release|x64 = Release|x64
		Release|x86 = Release|x86
	EndGlobalSection
	GlobalSection(ProjectConfigurationPlatforms) = postSolution
		{25742640-F982-4B47-B557-E23C28D97887}.Debug|x64.ActiveCfg = Debug|x64
		{25742640-F982-4B47-B557-E23C28D97887}.Debug|x64.Build.0 = Debug|x64
		{25742640-F982-4B47-B557-E23C28D97887}.Debug|x86.ActiveCfg = Debug|Win32
		{25742640-F982-4B47-B557-E23C28D97887}.Debug|x86.Build.0 = Debug|Win32
		{25742640-F982-4B47-B557-E23C28D97887}.Release|x64.ActiveCfg = Release|x64
		{25742640-F982-4B47-B557-E23C28D97887}.Release|x64.Build.0 = Release|x64
		{25742640-F982-4B47-B557-E23C28D97887}.Release|x86.ActiveCfg = Release|Win32
		{25742640-F982-4B47-B557-E23C28D97887}.Release|x86.Build.0 = Release|Win32
	EndGlobalSection
	GlobalSection(SolutionProperties) = preSolution
		HideSolutionNode = FALSE
	EndGlobalSection
	GlobalSection(ExtensibilityGlobals) = postSolution
		SolutionGuid = {ED9F9C70-EE27-4581-983F-D82B3ECA19CC}
	EndGlobalSection
EndGlobal
