
Microsoft Visual Studio Solution File, Format Version 12.00
# Visual Studio Version 16
VisualStudioVersion = 16.0.30002.166
MinimumVisualStudioVersion = 10.0.40219.1
Project("{FAE04EC0-301F-11D3-BF4B-00C04F79EFBC}") = "CS01Tiles", "CS01Tiles.csproj", "{092C29C7-6512-4143-A2E0-F47ECDCE7E77}"
EndProject
Global
	GlobalSection(SolutionConfigurationPlatforms) = preSolution
		Debug|Any CPU = Debug|Any CPU
		Release|Any CPU = Release|Any CPU
	EndGlobalSection
	GlobalSection(ProjectConfigurationPlatforms) = postSolution
		{092C29C7-6512-4143-A2E0-F47ECDCE7E77}.Debug|Any CPU.ActiveCfg = Debug|Any CPU
		{092C29C7-6512-4143-A2E0-F47ECDCE7E77}.Debug|Any CPU.Build.0 = Debug|Any CPU
		{092C29C7-6512-4143-A2E0-F47ECDCE7E77}.Release|Any CPU.ActiveCfg = Release|Any CPU
		{092C29C7-6512-4143-A2E0-F47ECDCE7E77}.Release|Any CPU.Build.0 = Release|Any CPU
	EndGlobalSection
	GlobalSection(SolutionProperties) = preSolution
		HideSolutionNode = FALSE
	EndGlobalSection
	GlobalSection(ExtensibilityGlobals) = postSolution
		SolutionGuid = {C895FFDC-79DE-483B-B967-4730BE758950}
	EndGlobalSection
EndGlobal
